
Microsoft Visual Studio Solution File, Format Version 12.00
# Visual Studio Version 17
VisualStudioVersion = 17.0.31903.59
MinimumVisualStudioVersion = 10.0.40219.1
Project("{2150E333-8FDC-42A3-9474-1A3956D46DE8}") = "Engine", "Engine", "{02EA681E-C7D8-13C7-8484-4AC65E1B71E8}"
EndProject
Project("{FAE04EC0-301F-11D3-BF4B-00C04F79EFBC}") = "BitSkull", "BitSkull\BitSkull.csproj", "{ED14DD3D-3C2B-4A75-B4B1-ECD2A52C8A59}"
EndProject
Project("{FAE04EC0-301F-11D3-BF4B-00C04F79EFBC}") = "Sandbox", "Sandbox\Sandbox.csproj", "{C9A6D0DC-F629-48E4-A622-4DB734FE6207}"
EndProject
Global
	GlobalSection(SolutionConfigurationPlatforms) = preSolution
		Debug|Any CPU = Debug|Any CPU
		Release|Any CPU = Release|Any CPU
	EndGlobalSection
	GlobalSection(ProjectConfigurationPlatforms) = postSolution
		{ED14DD3D-3C2B-4A75-B4B1-ECD2A52C8A59}.Debug|Any CPU.ActiveCfg = Debug|Any CPU
		{ED14DD3D-3C2B-4A75-B4B1-ECD2A52C8A59}.Debug|Any CPU.Build.0 = Debug|Any CPU
		{ED14DD3D-3C2B-4A75-B4B1-ECD2A52C8A59}.Release|Any CPU.ActiveCfg = Release|Any CPU
		{ED14DD3D-3C2B-4A75-B4B1-ECD2A52C8A59}.Release|Any CPU.Build.0 = Release|Any CPU
		{C9A6D0DC-F629-48E4-A622-4DB734FE6207}.Debug|Any CPU.ActiveCfg = Debug|Any CPU
		{C9A6D0DC-F629-48E4-A622-4DB734FE6207}.Debug|Any CPU.Build.0 = Debug|Any CPU
		{C9A6D0DC-F629-48E4-A622-4DB734FE6207}.Release|Any CPU.ActiveCfg = Release|Any CPU
		{C9A6D0DC-F629-48E4-A622-4DB734FE6207}.Release|Any CPU.Build.0 = Release|Any CPU
	EndGlobalSection
	GlobalSection(SolutionProperties) = preSolution
		HideSolutionNode = FALSE
	EndGlobalSection
	GlobalSection(NestedProjects) = preSolution
		{ED14DD3D-3C2B-4A75-B4B1-ECD2A52C8A59} = {02EA681E-C7D8-13C7-8484-4AC65E1B71E8}
	EndGlobalSection
	GlobalSection(ExtensibilityGlobals) = postSolution
		SolutionGuid = {8271A3CA-BF8D-4B9F-88CF-E4F510CA01DE}
	EndGlobalSection
EndGlobal
